
Microsoft Visual Studio Solution File, Format Version 12.00
# Visual Studio Version 17
VisualStudioVersion = 17.11.35312.102
MinimumVisualStudioVersion = 10.0.40219.1
Project("{FAE04EC0-301F-11D3-BF4B-00C04F79EFBC}") = "DemoSomeDesignPattern", "DemoSomeDesignPattern.csproj", "{5B054E99-9601-44B0-B3CC-809B0FB3A214}"
EndProject
Global
	GlobalSection(SolutionConfigurationPlatforms) = preSolution
		Debug|Any CPU = Debug|Any CPU
		Release|Any CPU = Release|Any CPU
	EndGlobalSection
	GlobalSection(ProjectConfigurationPlatforms) = postSolution
		{5B054E99-9601-44B0-B3CC-809B0FB3A214}.Debug|Any CPU.ActiveCfg = Debug|Any CPU
		{5B054E99-9601-44B0-B3CC-809B0FB3A214}.Debug|Any CPU.Build.0 = Debug|Any CPU
		{5B054E99-9601-44B0-B3CC-809B0FB3A214}.Release|Any CPU.ActiveCfg = Release|Any CPU
		{5B054E99-9601-44B0-B3CC-809B0FB3A214}.Release|Any CPU.Build.0 = Release|Any CPU
	EndGlobalSection
	GlobalSection(SolutionProperties) = preSolution
		HideSolutionNode = FALSE
	EndGlobalSection
	GlobalSection(ExtensibilityGlobals) = postSolution
		SolutionGuid = {17FAC342-223C-4486-9370-F595D4929910}
	EndGlobalSection
EndGlobal
